
Microsoft Visual Studio Solution File, Format Version 12.00
# Visual Studio Version 16
VisualStudioVersion = 16.0.31205.134
MinimumVisualStudioVersion = 10.0.40219.1
Project("{FAE04EC0-301F-11D3-BF4B-00C04F79EFBC}") = "ConsoleApp1", "ConsoleApp1\ConsoleApp1.csproj", "{65FC1D57-C6AB-41E7-A557-616B43FA3CB4}"
EndProject
Global
	GlobalSection(SolutionConfigurationPlatforms) = preSolution
		Debug|Any CPU = Debug|Any CPU
		Release|Any CPU = Release|Any CPU
	EndGlobalSection
	GlobalSection(ProjectConfigurationPlatforms) = postSolution
		{65FC1D57-C6AB-41E7-A557-616B43FA3CB4}.Debug|Any CPU.ActiveCfg = Debug|Any CPU
		{65FC1D57-C6AB-41E7-A557-616B43FA3CB4}.Debug|Any CPU.Build.0 = Debug|Any CPU
		{65FC1D57-C6AB-41E7-A557-616B43FA3CB4}.Release|Any CPU.ActiveCfg = Release|Any CPU
		{65FC1D57-C6AB-41E7-A557-616B43FA3CB4}.Release|Any CPU.Build.0 = Release|Any CPU
	EndGlobalSection
	GlobalSection(SolutionProperties) = preSolution
		HideSolutionNode = FALSE
	EndGlobalSection
	GlobalSection(ExtensibilityGlobals) = postSolution
		SolutionGuid = {A0C47FE1-80E5-4886-8856-D6FB69DA9756}
	EndGlobalSection
EndGlobal
